{
  "name": "hackarena-api-js",
  "version": "1.0.0",
  "lockfileVersion": 3,
  "requires": true,
  "packages": {
    "": {
      "name": "hackarena-api-js",
      "version": "1.0.0",
      "license": "ISC",
      "dependencies": {
        "bot": "file:",
        "hackarena-api-js": "file:"
      }
    },
    "node_modules/bot": {
      "resolved": "",
      "link": true
    },
    "node_modules/hackarena-api-js": {
      "resolved": "",
      "link": true
    }
  }
}
